// !$*UTF8*$!
{
	archiveVersion = 1;
	classes = {
	};
	objectVersion = 46;
	objects = {

/* Begin PBXBuildFile section */
		7B30BEF31A5A17D50046C5B9 /* AlbertEinsteinStamp.jpg in Resources */ = {isa = PBXBuildFile; fileRef = 7B30BEF21A5A17D50046C5B9 /* AlbertEinsteinStamp.jpg */; };
		7B774AEB1A4E00BB003BD863 /* SagradaFamilia.jpeg in Resources */ = {isa = PBXBuildFile; fileRef = 7B774AEA1A4E00BB003BD863 /* SagradaFamilia.jpeg */; };
		7B8442121A47B54500415007 /* AppDelegate.swift in Sources */ = {isa = PBXBuildFile; fileRef = 7B8442111A47B54500415007 /* AppDelegate.swift */; };
		7B8442141A47B54500415007 /* ViewController.swift in Sources */ = {isa = PBXBuildFile; fileRef = 7B8442131A47B54500415007 /* ViewController.swift */; };
		7B8442171A47B54500415007 /* Main.storyboard in Resources */ = {isa = PBXBuildFile; fileRef = 7B8442151A47B54500415007 /* Main.storyboard */; };
		7B8442191A47B54500415007 /* Images.xcassets in Resources */ = {isa = PBXBuildFile; fileRef = 7B8442181A47B54500415007 /* Images.xcassets */; };
		7B84421C1A47B54500415007 /* LaunchScreen.xib in Resources */ = {isa = PBXBuildFile; fileRef = 7B84421A1A47B54500415007 /* LaunchScreen.xib */; };
		7B8442281A47B54500415007 /* PostcardTests.swift in Sources */ = {isa = PBXBuildFile; fileRef = 7B8442271A47B54500415007 /* PostcardTests.swift */; };
/* End PBXBuildFile section */

/* Begin PBXContainerItemProxy section */
		7B8442221A47B54500415007 /* PBXContainerItemProxy */ = {
			isa = PBXContainerItemProxy;
			containerPortal = 7B8442041A47B54500415007 /* Project object */;
			proxyType = 1;
			remoteGlobalIDString = 7B84420B1A47B54500415007;
			remoteInfo = Postcard;
		};
/* End PBXContainerItemProxy section */

/* Begin PBXFileReference section */
		7B30BEF21A5A17D50046C5B9 /* AlbertEinsteinStamp.jpg */ = {isa = PBXFileReference; lastKnownFileType = image.jpeg; path = AlbertEinsteinStamp.jpg; sourceTree = "<group>"; };
		7B774AEA1A4E00BB003BD863 /* SagradaFamilia.jpeg */ = {isa = PBXFileReference; lastKnownFileType = image.jpeg; path = SagradaFamilia.jpeg; sourceTree = "<group>"; };
		7B84420C1A47B54500415007 /* Postcard.app */ = {isa = PBXFileReference; explicitFileType = wrapper.application; includeInIndex = 0; path = Postcard.app; sourceTree = BUILT_PRODUCTS_DIR; };
		7B8442101A47B54500415007 /* Info.plist */ = {isa = PBXFileReference; lastKnownFileType = text.plist.xml; path = Info.plist; sourceTree = "<group>"; };
		7B8442111A47B54500415007 /* AppDelegate.swift */ = {isa = PBXFileReference; lastKnownFileType = sourcecode.swift; path = AppDelegate.swift; sourceTree = "<group>"; };
		7B8442131A47B54500415007 /* ViewController.swift */ = {isa = PBXFileReference; lastKnownFileType = sourcecode.swift; path = ViewController.swift; sourceTree = "<group>"; };
		7B8442161A47B54500415007 /* Base */ = {isa = PBXFileReference; lastKnownFileType = file.storyboard; name = Base; path = Base.lproj/Main.storyboard; sourceTree = "<group>"; };
		7B8442181A47B54500415007 /* Images.xcassets */ = {isa = PBXFileReference; lastKnownFileType = folder.assetcatalog; path = Images.xcassets; sourceTree = "<group>"; };
		7B84421B1A47B54500415007 /* Base */ = {isa = PBXFileReference; lastKnownFileType = file.xib; name = Base; path = Base.lproj/LaunchScreen.xib; sourceTree = "<group>"; };
		7B8442211A47B54500415007 /* PostcardTests.xctest */ = {isa = PBXFileReference; explicitFileType = wrapper.cfbundle; includeInIndex = 0; path = PostcardTests.xctest; sourceTree = BUILT_PRODUCTS_DIR; };
		7B8442261A47B54500415007 /* Info.plist */ = {isa = PBXFileReference; lastKnownFileType = text.plist.xml; path = Info.plist; sourceTree = "<group>"; };
		7B8442271A47B54500415007 /* PostcardTests.swift */ = {isa = PBXFileReference; lastKnownFileType = sourcecode.swift; path = PostcardTests.swift; sourceTree = "<group>"; };
/* End PBXFileReference section */

/* Begin PBXFrameworksBuildPhase section */
		7B8442091A47B54500415007 /* Frameworks */ = {
			isa = PBXFrameworksBuildPhase;
			buildActionMask = 2147483647;
			files = (
			);
			runOnlyForDeploymentPostprocessing = 0;
		};
		7B84421E1A47B54500415007 /* Frameworks */ = {
			isa = PBXFrameworksBuildPhase;
			buildActionMask = 2147483647;
			files = (
			);
			runOnlyForDeploymentPostprocessing = 0;
		};
/* End PBXFrameworksBuildPhase section */

/* Begin PBXGroup section */
		7B8442031A47B54500415007 = {
			isa = PBXGroup;
			children = (
				7B84420E1A47B54500415007 /* Postcard */,
				7B8442241A47B54500415007 /* PostcardTests */,
				7B84420D1A47B54500415007 /* Products */,
			);
			sourceTree = "<group>";
		};
		7B84420D1A47B54500415007 /* Products */ = {
			isa = PBXGroup;
			children = (
				7B84420C1A47B54500415007 /* Postcard.app */,
				7B8442211A47B54500415007 /* PostcardTests.xctest */,
			);
			name = Products;
			sourceTree = "<group>";
		};
		7B84420E1A47B54500415007 /* Postcard */ = {
			isa = PBXGroup;
			children = (
				7B8442111A47B54500415007 /* AppDelegate.swift */,
				7B8442131A47B54500415007 /* ViewController.swift */,
				7B8442151A47B54500415007 /* Main.storyboard */,
				7B8442181A47B54500415007 /* Images.xcassets */,
				7B84421A1A47B54500415007 /* LaunchScreen.xib */,
				7B84420F1A47B54500415007 /* Supporting Files */,
			);
			path = Postcard;
			sourceTree = "<group>";
		};
		7B84420F1A47B54500415007 /* Supporting Files */ = {
			isa = PBXGroup;
			children = (
				7B30BEF21A5A17D50046C5B9 /* AlbertEinsteinStamp.jpg */,
				7B774AEA1A4E00BB003BD863 /* SagradaFamilia.jpeg */,
				7B8442101A47B54500415007 /* Info.plist */,
			);
			name = "Supporting Files";
			sourceTree = "<group>";
		};
		7B8442241A47B54500415007 /* PostcardTests */ = {
			isa = PBXGroup;
			children = (
				7B8442271A47B54500415007 /* PostcardTests.swift */,
				7B8442251A47B54500415007 /* Supporting Files */,
			);
			path = PostcardTests;
			sourceTree = "<group>";
		};
		7B8442251A47B54500415007 /* Supporting Files */ = {
			isa = PBXGroup;
			children = (
				7B8442261A47B54500415007 /* Info.plist */,
			);
			name = "Supporting Files";
			sourceTree = "<group>";
		};
/* End PBXGroup section */

/* Begin PBXNativeTarget section */
		7B84420B1A47B54500415007 /* Postcard */ = {
			isa = PBXNativeTarget;
			buildConfigurationList = 7B84422B1A47B54500415007 /* Build configuration list for PBXNativeTarget "Postcard" */;
			buildPhases = (
				7B8442081A47B54500415007 /* Sources */,
				7B8442091A47B54500415007 /* Frameworks */,
				7B84420A1A47B54500415007 /* Resources */,
			);
			buildRules = (
			);
			dependencies = (
			);
			name = Postcard;
			productName = Postcard;
			productReference = 7B84420C1A47B54500415007 /* Postcard.app */;
			productType = "com.apple.product-type.application";
		};
		7B8442201A47B54500415007 /* PostcardTests */ = {
			isa = PBXNativeTarget;
			buildConfigurationList = 7B84422E1A47B54500415007 /* Build configuration list for PBXNativeTarget "PostcardTests" */;
			buildPhases = (
				7B84421D1A47B54500415007 /* Sources */,
				7B84421E1A47B54500415007 /* Frameworks */,
				7B84421F1A47B54500415007 /* Resources */,
			);
			buildRules = (
			);
			dependencies = (
				7B8442231A47B54500415007 /* PBXTargetDependency */,
			);
			name = PostcardTests;
			productName = PostcardTests;
			productReference = 7B8442211A47B54500415007 /* PostcardTests.xctest */;
			productType = "com.apple.product-type.bundle.unit-test";
		};
/* End PBXNativeTarget section */

/* Begin PBXProject section */
		7B8442041A47B54500415007 /* Project object */ = {
			isa = PBXProject;
			attributes = {
				LastUpgradeCheck = 0600;
				ORGANIZATIONNAME = alex;
				TargetAttributes = {
					7B84420B1A47B54500415007 = {
						CreatedOnToolsVersion = 6.0;
					};
					7B8442201A47B54500415007 = {
						CreatedOnToolsVersion = 6.0;
						TestTargetID = 7B84420B1A47B54500415007;
					};
				};
			};
			buildConfigurationList = 7B8442071A47B54500415007 /* Build configuration list for PBXProject "Postcard" */;
			compatibilityVersion = "Xcode 3.2";
			developmentRegion = English;
			hasScannedForEncodings = 0;
			knownRegions = (
				en,
				Base,
			);
			mainGroup = 7B8442031A47B54500415007;
			productRefGroup = 7B84420D1A47B54500415007 /* Products */;
			projectDirPath = "";
			projectRoot = "";
			targets = (
				7B84420B1A47B54500415007 /* Postcard */,
				7B8442201A47B54500415007 /* PostcardTests */,
			);
		};
/* End PBXProject section */

/* Begin PBXResourcesBuildPhase section */
		7B84420A1A47B54500415007 /* Resources */ = {
			isa = PBXResourcesBuildPhase;
			buildActionMask = 2147483647;
			files = (
				7B8442171A47B54500415007 /* Main.storyboard in Resources */,
				7B774AEB1A4E00BB003BD863 /* SagradaFamilia.jpeg in Resources */,
				7B30BEF31A5A17D50046C5B9 /* AlbertEinsteinStamp.jpg in Resources */,
				7B84421C1A47B54500415007 /* LaunchScreen.xib in Resources */,
				7B8442191A47B54500415007 /* Images.xcassets in Resources */,
			);
			runOnlyForDeploymentPostprocessing = 0;
		};
		7B84421F1A47B54500415007 /* Resources */ = {
			isa = PBXResourcesBuildPhase;
			buildActionMask = 2147483647;
			files = (
			);
			runOnlyForDeploymentPostprocessing = 0;
		};
/* End PBXResourcesBuildPhase section */

/* Begin PBXSourcesBuildPhase section */
		7B8442081A47B54500415007 /* Sources */ = {
			isa = PBXSourcesBuildPhase;
			buildActionMask = 2147483647;
			files = (
				7B8442141A47B54500415007 /* ViewController.swift in Sources */,
				7B8442121A47B54500415007 /* AppDelegate.swift in Sources */,
			);
			runOnlyForDeploymentPostprocessing = 0;
		};
		7B84421D1A47B54500415007 /* Sources */ = {
			isa = PBXSourcesBuildPhase;
			buildActionMask = 2147483647;
			files = (
				7B8442281A47B54500415007 /* PostcardTests.swift in Sources */,
			);
			runOnlyForDeploymentPostprocessing = 0;
		};
/* End PBXSourcesBuildPhase section */

/* Begin PBXTargetDependency section */
		7B8442231A47B54500415007 /* PBXTargetDependency */ = {
			isa = PBXTargetDependency;
			target = 7B84420B1A47B54500415007 /* Postcard */;
			targetProxy = 7B8442221A47B54500415007 /* PBXContainerItemProxy */;
		};
/* End PBXTargetDependency section */

/* Begin PBXVariantGroup section */
		7B8442151A47B54500415007 /* Main.storyboard */ = {
			isa = PBXVariantGroup;
			children = (
				7B8442161A47B54500415007 /* Base */,
			);
			name = Main.storyboard;
			sourceTree = "<group>";
		};
		7B84421A1A47B54500415007 /* LaunchScreen.xib */ = {
			isa = PBXVariantGroup;
			children = (
				7B84421B1A47B54500415007 /* Base */,
			);
			name = LaunchScreen.xib;
			sourceTree = "<group>";
		};
/* End PBXVariantGroup section */

/* Begin XCBuildConfiguration section */
		7B8442291A47B54500415007 /* Debug */ = {
			isa = XCBuildConfiguration;
			buildSettings = {
				ALWAYS_SEARCH_USER_PATHS = NO;
				CLANG_CXX_LANGUAGE_STANDARD = "gnu++0x";
				CLANG_CXX_LIBRARY = "libc++";
				CLANG_ENABLE_MODULES = YES;
				CLANG_ENABLE_OBJC_ARC = YES;
				CLANG_WARN_BOOL_CONVERSION = YES;
				CLANG_WARN_CONSTANT_CONVERSION = YES;
				CLANG_WARN_DIRECT_OBJC_ISA_USAGE = YES_ERROR;
				CLANG_WARN_EMPTY_BODY = YES;
				CLANG_WARN_ENUM_CONVERSION = YES;
				CLANG_WARN_INT_CONVERSION = YES;
				CLANG_WARN_OBJC_ROOT_CLASS = YES_ERROR;
				CLANG_WARN_UNREACHABLE_CODE = YES;
				CLANG_WARN__DUPLICATE_METHOD_MATCH = YES;
				"CODE_SIGN_IDENTITY[sdk=iphoneos*]" = "iPhone Developer";
				COPY_PHASE_STRIP = NO;
				ENABLE_STRICT_OBJC_MSGSEND = YES;
				GCC_C_LANGUAGE_STANDARD = gnu99;
				GCC_DYNAMIC_NO_PIC = NO;
				GCC_OPTIMIZATION_LEVEL = 0;
				GCC_PREPROCESSOR_DEFINITIONS = (
					"DEBUG=1",
					"$(inherited)",
				);
				GCC_SYMBOLS_PRIVATE_EXTERN = NO;
				GCC_WARN_64_TO_32_BIT_CONVERSION = YES;
				GCC_WARN_ABOUT_RETURN_TYPE = YES_ERROR;
				GCC_WARN_UNDECLARED_SELECTOR = YES;
				GCC_WARN_UNINITIALIZED_AUTOS = YES_AGGRESSIVE;
				GCC_WARN_UNUSED_FUNCTION = YES;
				GCC_WARN_UNUSED_VARIABLE = YES;
				IPHONEOS_DEPLOYMENT_TARGET = 8.0;
				MTL_ENABLE_DEBUG_INFO = YES;
				ONLY_ACTIVE_ARCH = YES;
				SDKROOT = iphoneos;
				SWIFT_OPTIMIZATION_LEVEL = "-Onone";
				TARGETED_DEVICE_FAMILY = "1,2";
			};
			name = Debug;
		};
		7B84422A1A47B54500415007 /* Release */ = {
			isa = XCBuildConfiguration;
			buildSettings = {
				ALWAYS_SEARCH_USER_PATHS = NO;
				CLANG_CXX_LANGUAGE_STANDARD = "gnu++0x";
				CLANG_CXX_LIBRARY = "libc++";
				CLANG_ENABLE_MODULES = YES;
				CLANG_ENABLE_OBJC_ARC = YES;
				CLANG_WARN_BOOL_CONVERSION = YES;
				CLANG_WARN_CONSTANT_CONVERSION = YES;
				CLANG_WARN_DIRECT_OBJC_ISA_USAGE = YES_ERROR;
				CLANG_WARN_EMPTY_BODY = YES;
				CLANG_WARN_ENUM_CONVERSION = YES;
				CLANG_WARN_INT_CONVERSION = YES;
				CLANG_WARN_OBJC_ROOT_CLASS = YES_ERROR;
				CLANG_WARN_UNREACHABLE_CODE = YES;
				CLANG_WARN__DUPLICATE_METHOD_MATCH = YES;
				"CODE_SIGN_IDENTITY[sdk=iphoneos*]" = "iPhone Developer";
				COPY_PHASE_STRIP = YES;
				ENABLE_NS_ASSERTIONS = NO;
				ENABLE_STRICT_OBJC_MSGSEND = YES;
				GCC_C_LANGUAGE_STANDARD = gnu99;
				GCC_WARN_64_TO_32_BIT_CONVERSION = YES;
				GCC_WARN_ABOUT_RETURN_TYPE = YES_ERROR;
				GCC_WARN_UNDECLARED_SELECTOR = YES;
				GCC_WARN_UNINITIALIZED_AUTOS = YES_AGGRESSIVE;
				GCC_WARN_UNUSED_FUNCTION = YES;
				GCC_WARN_UNUSED_VARIABLE = YES;
				IPHONEOS_DEPLOYMENT_TARGET = 8.0;
				MTL_ENABLE_DEBUG_INFO = NO;
				SDKROOT = iphoneos;
				TARGETED_DEVICE_FAMILY = "1,2";
				VALIDATE_PRODUCT = YES;
			};
			name = Release;
		};
		7B84422C1A47B54500415007 /* Debug */ = {
			isa = XCBuildConfiguration;
			buildSettings = {
				ASSETCATALOG_COMPILER_APPICON_NAME = AppIcon;
				INFOPLIST_FILE = Postcard/Info.plist;
				LD_RUNPATH_SEARCH_PATHS = "$(inherited) @executable_path/Frameworks";
				PRODUCT_NAME = "$(TARGET_NAME)";
			};
			name = Debug;
		};
		7B84422D1A47B54500415007 /* Release */ = {
			isa = XCBuildConfiguration;
			buildSettings = {
				ASSETCATALOG_COMPILER_APPICON_NAME = AppIcon;
				INFOPLIST_FILE = Postcard/Info.plist;
				LD_RUNPATH_SEARCH_PATHS = "$(inherited) @executable_path/Frameworks";
				PRODUCT_NAME = "$(TARGET_NAME)";
			};
			name = Release;
		};
		7B84422F1A47B54500415007 /* Debug */ = {
			isa = XCBuildConfiguration;
			buildSettings = {
				BUNDLE_LOADER = "$(TEST_HOST)";
				FRAMEWORK_SEARCH_PATHS = (
					"$(SDKROOT)/Developer/Library/Frameworks",
					"$(inherited)",
				);
				GCC_PREPROCESSOR_DEFINITIONS = (
					"DEBUG=1",
					"$(inherited)",
				);
				INFOPLIST_FILE = PostcardTests/Info.plist;
				LD_RUNPATH_SEARCH_PATHS = "$(inherited) @executable_path/Frameworks @loader_path/Frameworks";
				PRODUCT_NAME = "$(TARGET_NAME)";
				TEST_HOST = "$(BUILT_PRODUCTS_DIR)/Postcard.app/Postcard";
			};
			name = Debug;
		};
		7B8442301A47B54500415007 /* Release */ = {
			isa = XCBuildConfiguration;
			buildSettings = {
				BUNDLE_LOADER = "$(TEST_HOST)";
				FRAMEWORK_SEARCH_PATHS = (
					"$(SDKROOT)/Developer/Library/Frameworks",
					"$(inherited)",
				);
				INFOPLIST_FILE = PostcardTests/Info.plist;
				LD_RUNPATH_SEARCH_PATHS = "$(inherited) @executable_path/Frameworks @loader_path/Frameworks";
				PRODUCT_NAME = "$(TARGET_NAME)";
				TEST_HOST = "$(BUILT_PRODUCTS_DIR)/Postcard.app/Postcard";
			};
			name = Release;
		};
/* End XCBuildConfiguration section */

/* Begin XCConfigurationList section */
		7B8442071A47B54500415007 /* Build configuration list for PBXProject "Postcard" */ = {
			isa = XCConfigurationList;
			buildConfigurations = (
				7B8442291A47B54500415007 /* Debug */,
				7B84422A1A47B54500415007 /* Release */,
			);
			defaultConfigurationIsVisible = 0;
			defaultConfigurationName = Release;
		};
		7B84422B1A47B54500415007 /* Build configuration list for PBXNativeTarget "Postcard" */ = {
			isa = XCConfigurationList;
			buildConfigurations = (
				7B84422C1A47B54500415007 /* Debug */,
				7B84422D1A47B54500415007 /* Release */,
			);
			defaultConfigurationIsVisible = 0;
			defaultConfigurationName = Release;
		};
		7B84422E1A47B54500415007 /* Build configuration list for PBXNativeTarget "PostcardTests" */ = {
			isa = XCConfigurationList;
			buildConfigurations = (
				7B84422F1A47B54500415007 /* Debug */,
				7B8442301A47B54500415007 /* Release */,
			);
			defaultConfigurationIsVisible = 0;
			defaultConfigurationName = Release;
		};
/* End XCConfigurationList section */
	};
	rootObject = 7B8442041A47B54500415007 /* Project object */;
}
